
Microsoft Visual Studio Solution File, Format Version 12.00
# Visual Studio 15
VisualStudioVersion = 15.0.27703.2042
MinimumVisualStudioVersion = 10.0.40219.1
Project("{FAE04EC0-301F-11D3-BF4B-00C04F79EFBC}") = "TheSurvivors", "TheSurvivors\TheSurvivors.csproj", "{4E63A802-36BC-42DF-86B9-EDE04D98B0EF}"
EndProject
Project("{FAE04EC0-301F-11D3-BF4B-00C04F79EFBC}") = "TheSurvivors.Domain", "TheSurvivors.Domain\TheSurvivors.Domain.csproj", "{3B2ECA87-0EBC-4AB9-B841-EB9962287EFC}"
EndProject
Project("{FAE04EC0-301F-11D3-BF4B-00C04F79EFBC}") = "TheSurvivors.Tests", "TheSurvivors.Tests\TheSurvivors.Tests.csproj", "{7CF0DA57-CEE6-41AA-8E1A-368207038B20}"
EndProject
Global
	GlobalSection(SolutionConfigurationPlatforms) = preSolution
		Debug|Any CPU = Debug|Any CPU
		Release|Any CPU = Release|Any CPU
	EndGlobalSection
	GlobalSection(ProjectConfigurationPlatforms) = postSolution
		{4E63A802-36BC-42DF-86B9-EDE04D98B0EF}.Debug|Any CPU.ActiveCfg = Debug|Any CPU
		{4E63A802-36BC-42DF-86B9-EDE04D98B0EF}.Debug|Any CPU.Build.0 = Debug|Any CPU
		{4E63A802-36BC-42DF-86B9-EDE04D98B0EF}.Release|Any CPU.ActiveCfg = Release|Any CPU
		{4E63A802-36BC-42DF-86B9-EDE04D98B0EF}.Release|Any CPU.Build.0 = Release|Any CPU
		{3B2ECA87-0EBC-4AB9-B841-EB9962287EFC}.Debug|Any CPU.ActiveCfg = Debug|Any CPU
		{3B2ECA87-0EBC-4AB9-B841-EB9962287EFC}.Debug|Any CPU.Build.0 = Debug|Any CPU
		{3B2ECA87-0EBC-4AB9-B841-EB9962287EFC}.Release|Any CPU.ActiveCfg = Release|Any CPU
		{3B2ECA87-0EBC-4AB9-B841-EB9962287EFC}.Release|Any CPU.Build.0 = Release|Any CPU
		{7CF0DA57-CEE6-41AA-8E1A-368207038B20}.Debug|Any CPU.ActiveCfg = Debug|Any CPU
		{7CF0DA57-CEE6-41AA-8E1A-368207038B20}.Debug|Any CPU.Build.0 = Debug|Any CPU
		{7CF0DA57-CEE6-41AA-8E1A-368207038B20}.Release|Any CPU.ActiveCfg = Release|Any CPU
		{7CF0DA57-CEE6-41AA-8E1A-368207038B20}.Release|Any CPU.Build.0 = Release|Any CPU
	EndGlobalSection
	GlobalSection(SolutionProperties) = preSolution
		HideSolutionNode = FALSE
	EndGlobalSection
	GlobalSection(ExtensibilityGlobals) = postSolution
		SolutionGuid = {4735BF5E-5304-4C2A-A673-8960C60ABCA9}
	EndGlobalSection
EndGlobal
